
Microsoft Visual Studio Solution File, Format Version 12.00
# Visual Studio 2012
Project("{FAE04EC0-301F-11D3-BF4B-00C04F79EFBC}") = "Vaiona.IoC", "Vaiona.IoC\Vaiona.IoC.csproj", "{29A7BE0F-A17C-4AE8-8CA1-15FE4DD74129}"
EndProject
Project("{FAE04EC0-301F-11D3-BF4B-00C04F79EFBC}") = "Vaiona.Core", "Vaiona.Core\Vaiona.Core.csproj", "{B446C14F-9DF1-4C3C-A634-E3ADDD05C48A}"
EndProject
Project("{FAE04EC0-301F-11D3-BF4B-00C04F79EFBC}") = "Vaiona.Persistence.Api", "Vaiona.Persistence.Api\Vaiona.Persistence.Api.csproj", "{640BF81D-354A-4BF0-85FC-F0AD587CF8A2}"
EndProject
Project("{FAE04EC0-301F-11D3-BF4B-00C04F79EFBC}") = "Vaiona.Entities", "Vaiona.Entities\Vaiona.Entities.csproj", "{0815D220-3625-4E23-BBBC-8152345637FE}"
EndProject
Project("{FAE04EC0-301F-11D3-BF4B-00C04F79EFBC}") = "Vaiona.Entities.Orm.NH", "Vaiona.Entities.Orm.NH\Vaiona.Entities.Orm.NH.csproj", "{C4D4BC9E-8832-4966-BE58-CB684E9A74E8}"
EndProject
Project("{FAE04EC0-301F-11D3-BF4B-00C04F79EFBC}") = "Vaiona.Model", "Vaiona.Model\Vaiona.Model.csproj", "{A60AC05F-8C9A-4EFD-9826-452E6049DA4D}"
EndProject
Project("{FAE04EC0-301F-11D3-BF4B-00C04F79EFBC}") = "Vaiona.Web", "Vaiona.Web\Vaiona.Web.csproj", "{5B48B5A8-EAE8-4EF8-8F2C-7FEDB1B095D3}"
EndProject
Project("{FAE04EC0-301F-11D3-BF4B-00C04F79EFBC}") = "Vaiona.Web.Security", "Vaiona.Web.Security\Vaiona.Web.Security.csproj", "{D15121E6-58D0-4796-9DA0-F07A828B9CE2}"
EndProject
Project("{FAE04EC0-301F-11D3-BF4B-00C04F79EFBC}") = "Vaiona.PersistenceProviders.NH", "Vaiona.PersistenceProviders.NH\Vaiona.PersistenceProviders.NH.csproj", "{8C5C0209-69A3-4579-9F9B-4D5F084A3B85}"
EndProject
Project("{FAE04EC0-301F-11D3-BF4B-00C04F79EFBC}") = "Vaiona.Web.Mvc.Shell.Test", "Vaiona.Web.Mvc.Shell.Test\Vaiona.Web.Mvc.Shell.Test.csproj", "{479459D5-9308-4F4F-838A-BCC62EA0563C}"
EndProject
Project("{FAE04EC0-301F-11D3-BF4B-00C04F79EFBC}") = "Vaiona.Web.Mvc", "Vaiona.Web.Mvc\Vaiona.Web.Mvc.csproj", "{5F5D22E8-8C05-49CD-854E-8FE8EFF1AA6C}"
EndProject
Project("{FAE04EC0-301F-11D3-BF4B-00C04F79EFBC}") = "Vaiona.Utils", "Vaiona.Utils\Vaiona.Utils.csproj", "{63FCACAA-9534-4FDD-A082-78DCC06BAF28}"
EndProject
Project("{FAE04EC0-301F-11D3-BF4B-00C04F79EFBC}") = "Vaiona.Logging", "Vaiona.Logging\Vaiona.Logging.csproj", "{E8B37581-1CAC-463D-903B-B4BEE8B2B0E3}"
EndProject
Global
	GlobalSection(SolutionConfigurationPlatforms) = preSolution
		Debug|Any CPU = Debug|Any CPU
		Release|Any CPU = Release|Any CPU
	EndGlobalSection
	GlobalSection(ProjectConfigurationPlatforms) = postSolution
		{29A7BE0F-A17C-4AE8-8CA1-15FE4DD74129}.Debug|Any CPU.ActiveCfg = Debug|Any CPU
		{29A7BE0F-A17C-4AE8-8CA1-15FE4DD74129}.Debug|Any CPU.Build.0 = Debug|Any CPU
		{29A7BE0F-A17C-4AE8-8CA1-15FE4DD74129}.Release|Any CPU.ActiveCfg = Release|Any CPU
		{29A7BE0F-A17C-4AE8-8CA1-15FE4DD74129}.Release|Any CPU.Build.0 = Release|Any CPU
		{B446C14F-9DF1-4C3C-A634-E3ADDD05C48A}.Debug|Any CPU.ActiveCfg = Debug|Any CPU
		{B446C14F-9DF1-4C3C-A634-E3ADDD05C48A}.Debug|Any CPU.Build.0 = Debug|Any CPU
		{B446C14F-9DF1-4C3C-A634-E3ADDD05C48A}.Release|Any CPU.ActiveCfg = Release|Any CPU
		{B446C14F-9DF1-4C3C-A634-E3ADDD05C48A}.Release|Any CPU.Build.0 = Release|Any CPU
		{640BF81D-354A-4BF0-85FC-F0AD587CF8A2}.Debug|Any CPU.ActiveCfg = Debug|Any CPU
		{640BF81D-354A-4BF0-85FC-F0AD587CF8A2}.Debug|Any CPU.Build.0 = Debug|Any CPU
		{640BF81D-354A-4BF0-85FC-F0AD587CF8A2}.Release|Any CPU.ActiveCfg = Release|Any CPU
		{640BF81D-354A-4BF0-85FC-F0AD587CF8A2}.Release|Any CPU.Build.0 = Release|Any CPU
		{0815D220-3625-4E23-BBBC-8152345637FE}.Debug|Any CPU.ActiveCfg = Debug|Any CPU
		{0815D220-3625-4E23-BBBC-8152345637FE}.Debug|Any CPU.Build.0 = Debug|Any CPU
		{0815D220-3625-4E23-BBBC-8152345637FE}.Release|Any CPU.ActiveCfg = Release|Any CPU
		{0815D220-3625-4E23-BBBC-8152345637FE}.Release|Any CPU.Build.0 = Release|Any CPU
		{C4D4BC9E-8832-4966-BE58-CB684E9A74E8}.Debug|Any CPU.ActiveCfg = Debug|Any CPU
		{C4D4BC9E-8832-4966-BE58-CB684E9A74E8}.Debug|Any CPU.Build.0 = Debug|Any CPU
		{C4D4BC9E-8832-4966-BE58-CB684E9A74E8}.Release|Any CPU.ActiveCfg = Release|Any CPU
		{C4D4BC9E-8832-4966-BE58-CB684E9A74E8}.Release|Any CPU.Build.0 = Release|Any CPU
		{A60AC05F-8C9A-4EFD-9826-452E6049DA4D}.Debug|Any CPU.ActiveCfg = Debug|Any CPU
		{A60AC05F-8C9A-4EFD-9826-452E6049DA4D}.Debug|Any CPU.Build.0 = Debug|Any CPU
		{A60AC05F-8C9A-4EFD-9826-452E6049DA4D}.Release|Any CPU.ActiveCfg = Release|Any CPU
		{A60AC05F-8C9A-4EFD-9826-452E6049DA4D}.Release|Any CPU.Build.0 = Release|Any CPU
		{5B48B5A8-EAE8-4EF8-8F2C-7FEDB1B095D3}.Debug|Any CPU.ActiveCfg = Debug|Any CPU
		{5B48B5A8-EAE8-4EF8-8F2C-7FEDB1B095D3}.Debug|Any CPU.Build.0 = Debug|Any CPU
		{5B48B5A8-EAE8-4EF8-8F2C-7FEDB1B095D3}.Release|Any CPU.ActiveCfg = Release|Any CPU
		{5B48B5A8-EAE8-4EF8-8F2C-7FEDB1B095D3}.Release|Any CPU.Build.0 = Release|Any CPU
		{D15121E6-58D0-4796-9DA0-F07A828B9CE2}.Debug|Any CPU.ActiveCfg = Debug|Any CPU
		{D15121E6-58D0-4796-9DA0-F07A828B9CE2}.Debug|Any CPU.Build.0 = Debug|Any CPU
		{D15121E6-58D0-4796-9DA0-F07A828B9CE2}.Release|Any CPU.ActiveCfg = Release|Any CPU
		{D15121E6-58D0-4796-9DA0-F07A828B9CE2}.Release|Any CPU.Build.0 = Release|Any CPU
		{8C5C0209-69A3-4579-9F9B-4D5F084A3B85}.Debug|Any CPU.ActiveCfg = Debug|Any CPU
		{8C5C0209-69A3-4579-9F9B-4D5F084A3B85}.Debug|Any CPU.Build.0 = Debug|Any CPU
		{8C5C0209-69A3-4579-9F9B-4D5F084A3B85}.Release|Any CPU.ActiveCfg = Release|Any CPU
		{8C5C0209-69A3-4579-9F9B-4D5F084A3B85}.Release|Any CPU.Build.0 = Release|Any CPU
		{479459D5-9308-4F4F-838A-BCC62EA0563C}.Debug|Any CPU.ActiveCfg = Debug|Any CPU
		{479459D5-9308-4F4F-838A-BCC62EA0563C}.Debug|Any CPU.Build.0 = Debug|Any CPU
		{479459D5-9308-4F4F-838A-BCC62EA0563C}.Release|Any CPU.ActiveCfg = Release|Any CPU
		{479459D5-9308-4F4F-838A-BCC62EA0563C}.Release|Any CPU.Build.0 = Release|Any CPU
		{5F5D22E8-8C05-49CD-854E-8FE8EFF1AA6C}.Debug|Any CPU.ActiveCfg = Debug|Any CPU
		{5F5D22E8-8C05-49CD-854E-8FE8EFF1AA6C}.Debug|Any CPU.Build.0 = Debug|Any CPU
		{5F5D22E8-8C05-49CD-854E-8FE8EFF1AA6C}.Release|Any CPU.ActiveCfg = Release|Any CPU
		{5F5D22E8-8C05-49CD-854E-8FE8EFF1AA6C}.Release|Any CPU.Build.0 = Release|Any CPU
		{63FCACAA-9534-4FDD-A082-78DCC06BAF28}.Debug|Any CPU.ActiveCfg = Debug|Any CPU
		{63FCACAA-9534-4FDD-A082-78DCC06BAF28}.Debug|Any CPU.Build.0 = Debug|Any CPU
		{63FCACAA-9534-4FDD-A082-78DCC06BAF28}.Release|Any CPU.ActiveCfg = Release|Any CPU
		{63FCACAA-9534-4FDD-A082-78DCC06BAF28}.Release|Any CPU.Build.0 = Release|Any CPU
		{E8B37581-1CAC-463D-903B-B4BEE8B2B0E3}.Debug|Any CPU.ActiveCfg = Debug|Any CPU
		{E8B37581-1CAC-463D-903B-B4BEE8B2B0E3}.Debug|Any CPU.Build.0 = Debug|Any CPU
		{E8B37581-1CAC-463D-903B-B4BEE8B2B0E3}.Release|Any CPU.ActiveCfg = Release|Any CPU
		{E8B37581-1CAC-463D-903B-B4BEE8B2B0E3}.Release|Any CPU.Build.0 = Release|Any CPU
	EndGlobalSection
	GlobalSection(SolutionProperties) = preSolution
		HideSolutionNode = FALSE
	EndGlobalSection
	GlobalSection(ExtensibilityGlobals) = postSolution
		EnterpriseLibraryConfigurationToolBinariesPath = packages\Unity.2.1.505.0\lib\NET35
	EndGlobalSection
EndGlobal
